
Microsoft Visual Studio Solution File, Format Version 12.00
# Visual Studio Version 16
VisualStudioVersion = 16.0.30907.101
MinimumVisualStudioVersion = 10.0.40219.1
Project("{FAE04EC0-301F-11D3-BF4B-00C04F79EFBC}") = "Store2021", "Store2021\Store2021.csproj", "{0B0BA1F0-A12B-4CD2-BFC5-EA94F7EEA397}"
EndProject
Global
	GlobalSection(SolutionConfigurationPlatforms) = preSolution
		Debug|Any CPU = Debug|Any CPU
		Release|Any CPU = Release|Any CPU
	EndGlobalSection
	GlobalSection(ProjectConfigurationPlatforms) = postSolution
		{0B0BA1F0-A12B-4CD2-BFC5-EA94F7EEA397}.Debug|Any CPU.ActiveCfg = Debug|Any CPU
		{0B0BA1F0-A12B-4CD2-BFC5-EA94F7EEA397}.Debug|Any CPU.Build.0 = Debug|Any CPU
		{0B0BA1F0-A12B-4CD2-BFC5-EA94F7EEA397}.Release|Any CPU.ActiveCfg = Release|Any CPU
		{0B0BA1F0-A12B-4CD2-BFC5-EA94F7EEA397}.Release|Any CPU.Build.0 = Release|Any CPU
	EndGlobalSection
	GlobalSection(SolutionProperties) = preSolution
		HideSolutionNode = FALSE
	EndGlobalSection
	GlobalSection(ExtensibilityGlobals) = postSolution
		SolutionGuid = {10554668-3F0C-4CE3-AF5D-DD7D39B5C927}
	EndGlobalSection
EndGlobal
